
Microsoft Visual Studio Solution File, Format Version 12.00
# Visual Studio 14
VisualStudioVersion = 14.0.23107.0
MinimumVisualStudioVersion = 10.0.40219.1
Project("{00D1A9C2-B5F0-4AF3-8072-F6C62B433612}") = "GeoDatabase", "GeoDatabase\GeoDatabase.sqlproj", "{4A1806E0-C859-4209-86A0-2CB883FA456B}"
EndProject
Project("{2150E333-8FDC-42A3-9474-1A3956D46DE8}") = "Data", "Data", "{A1856018-EB7C-44E8-A5EF-E6AE5EBA80AA}"
	ProjectSection(SolutionItems) = preProject
		data\geo.country.csv = data\geo.country.csv
		data\geo.location.csv = data\geo.location.csv
		data\geo.locationipblocks.csv = data\geo.locationipblocks.csv
	EndProjectSection
EndProject
Project("{2150E333-8FDC-42A3-9474-1A3956D46DE8}") = "Solution Items", "Solution Items", "{11116266-2601-410D-A891-D227462CEA99}"
	ProjectSection(SolutionItems) = preProject
		README.md = README.md
	EndProjectSection
EndProject
Global
	GlobalSection(SolutionConfigurationPlatforms) = preSolution
		Debug|Any CPU = Debug|Any CPU
		Release|Any CPU = Release|Any CPU
	EndGlobalSection
	GlobalSection(ProjectConfigurationPlatforms) = postSolution
		{4A1806E0-C859-4209-86A0-2CB883FA456B}.Debug|Any CPU.ActiveCfg = Debug|Any CPU
		{4A1806E0-C859-4209-86A0-2CB883FA456B}.Debug|Any CPU.Build.0 = Debug|Any CPU
		{4A1806E0-C859-4209-86A0-2CB883FA456B}.Debug|Any CPU.Deploy.0 = Debug|Any CPU
		{4A1806E0-C859-4209-86A0-2CB883FA456B}.Release|Any CPU.ActiveCfg = Release|Any CPU
		{4A1806E0-C859-4209-86A0-2CB883FA456B}.Release|Any CPU.Build.0 = Release|Any CPU
		{4A1806E0-C859-4209-86A0-2CB883FA456B}.Release|Any CPU.Deploy.0 = Release|Any CPU
	EndGlobalSection
	GlobalSection(SolutionProperties) = preSolution
		HideSolutionNode = FALSE
	EndGlobalSection
EndGlobal
